
Microsoft Visual Studio Solution File, Format Version 12.00
# Visual Studio 15
VisualStudioVersion = 15.0.27130.2024
MinimumVisualStudioVersion = 10.0.40219.1
Project("{FAE04EC0-301F-11D3-BF4B-00C04F79EFBC}") = "Assignment2", "Assignment2\Assignment2.csproj", "{21457689-BE75-402D-B9A9-4F7EF957B0D2}"
EndProject
Global
	GlobalSection(SolutionConfigurationPlatforms) = preSolution
		Debug|Any CPU = Debug|Any CPU
		Release|Any CPU = Release|Any CPU
	EndGlobalSection
	GlobalSection(ProjectConfigurationPlatforms) = postSolution
		{21457689-BE75-402D-B9A9-4F7EF957B0D2}.Debug|Any CPU.ActiveCfg = Debug|Any CPU
		{21457689-BE75-402D-B9A9-4F7EF957B0D2}.Debug|Any CPU.Build.0 = Debug|Any CPU
		{21457689-BE75-402D-B9A9-4F7EF957B0D2}.Release|Any CPU.ActiveCfg = Release|Any CPU
		{21457689-BE75-402D-B9A9-4F7EF957B0D2}.Release|Any CPU.Build.0 = Release|Any CPU
	EndGlobalSection
	GlobalSection(SolutionProperties) = preSolution
		HideSolutionNode = FALSE
	EndGlobalSection
	GlobalSection(ExtensibilityGlobals) = postSolution
		SolutionGuid = {83888636-334B-4537-86BB-0C2491B5ADA3}
	EndGlobalSection
EndGlobal
